<?xml version="1.0" encoding="utf-8"?>
<Project ToolsVersion="4.0" xmlns="http://schemas.microsoft.com/developer/msbuild/2003">
  <ItemGroup>
    <Filter Include="Source Files">
      <UniqueIdentifier>{4FC737F1-C7A5-4376-A066-2A32D752A2FF}</UniqueIdentifier>
      <Extensions>cpp;c;cc;cxx;c++;cppm;ixx;def;odl;idl;hpj;bat;asm;asmx</Extensions>
    </Filter>
    <Filter Include="Header Files">
      <UniqueIdentifier>{93995380-89BD-4b04-88EB-625FBE52EBFB}</UniqueIdentifier>
      <Extensions>h;hh;hpp;hxx;h++;hm;inl;inc;ipp;xsd</Extensions>
    </Filter>
    <Filter Include="Resource Files">
      <UniqueIdentifier>{67DA6AB6-F800-4c08-8B7A-83BB121AAD01}</UniqueIdentifier>
      <Extensions>rc;ico;cur;bmp;dlg;rc2;rct;bin;rgs;gif;jpg;jpeg;jpe;resx;tiff;tif;png;wav;mfcribbon-ms</Extensions>
    </Filter>
  </ItemGroup>
  <ItemGroup>
    <ClCompile Include="glad.c">
      <Filter>Source Files</Filter>
    </ClCompile>
    <ClCompile Include="Main.cpp">
      <Filter>Source Files</Filter>
    </ClCompile>
    <ClCompile Include="OGLShader.cpp">
      <Filter>Source Files</Filter>
    </ClCompile>
    <ClCompile Include="BaseObject.cpp">
      <Filter>Source Files</Filter>
    </ClCompile>
    <ClCompile Include="ReferenceFrame.cpp">
      <Filter>Source Files</Filter>
    </ClCompile>
    <ClCompile Include="BaseCamera.cpp">
      <Filter>Source Files</Filter>
    </ClCompile>
    <ClCompile Include="BaseGraphicsScene.cpp">
      <Filter>Source Files</Filter>
    </ClCompile>
    <ClCompile Include="OGLGraphicsScene.cpp">
      <Filter>Source Files</Filter>
    </ClCompile>
    <ClCompile Include="AbstractReader.cpp">
      <Filter>Source Files</Filter>
    </ClCompile>
    <ClCompile Include="TextFileReader.cpp">
      <Filter>Source Files</Filter>
    </ClCompile>
    <ClCompile Include="SceneReader.cpp">
      <Filter>Source Files</Filter>
    </ClCompile>
    <ClCompile Include="AbstractTimer.cpp">
      <Filter>Source Files</Filter>
    </ClCompile>
    <ClCompile Include="HighResolutionTimer.cpp">
      <Filter>Source Files</Filter>
    </ClCompile>
    <ClCompile Include="AbstractAnimation.cpp">
      <Filter>Source Files</Filter>
    </ClCompile>
    <ClCompile Include="RotateAnimation.cpp">
      <Filter>Source Files</Filter>
    </ClCompile>
    <ClCompile Include="AbstractGraphicsObject.cpp">
      <Filter>Source Files</Filter>
    </ClCompile>
    <ClCompile Include="OGLTexture.cpp">
      <Filter>Source Files</Filter>
    </ClCompile>
    <ClCompile Include="AbstractShader.cpp">
      <Filter>Source Files</Filter>
    </ClCompile>
    <ClCompile Include="GraphicsEnvironment.cpp">
      <Filter>Source Files</Filter>
    </ClCompile>
    <ClCompile Include="GraphicsWindow.cpp">
      <Filter>Source Files</Filter>
    </ClCompile>
    <ClCompile Include="GLFWGraphicsWindow.cpp">
      <Filter>Source Files</Filter>
    </ClCompile>
    <ClCompile Include="GraphicsSystem.cpp">
      <Filter>Source Files</Filter>
    </ClCompile>
    <ClCompile Include="OGLGraphicsSystem.cpp">
      <Filter>Source Files</Filter>
    </ClCompile>
    <ClCompile Include="AbstractCameraAnimation.cpp">
      <Filter>Source Files</Filter>
    </ClCompile>
    <ClCompile Include="SimpleMovingCameraAnimation.cpp">
      <Filter>Source Files</Filter>
    </ClCompile>
    <ClCompile Include="AbstractInputSystem.cpp">
      <Filter>Source Files</Filter>
    </ClCompile>
    <ClCompile Include="GLFWInputSystem.cpp">
      <Filter>Source Files</Filter>
    </ClCompile>
    <ClCompile Include="PlateAnimation.cpp">
      <Filter>Source Files</Filter>
    </ClCompile>
    <ClCompile Include="ObjLoader.cpp">
      <Filter>Source Files</Filter>
    </ClCompile>
    <ClCompile Include="SineWaveMovementAnimation.cpp">
      <Filter>Source Files</Filter>
    </ClCompile>
  </ItemGroup>
  <ItemGroup>
    <ClInclude Include="GraphicsStructures.h">
      <Filter>Header Files</Filter>
    </ClInclude>
    <ClInclude Include="AbstractShader.h">
      <Filter>Header Files</Filter>
    </ClInclude>
    <ClInclude Include="OGLShader.h">
      <Filter>Header Files</Filter>
    </ClInclude>
    <ClInclude Include="BaseObject.h">
      <Filter>Header Files</Filter>
    </ClInclude>
    <ClInclude Include="ReferenceFrame.h">
      <Filter>Header Files</Filter>
    </ClInclude>
    <ClInclude Include="BaseCamera.h">
      <Filter>Header Files</Filter>
    </ClInclude>
    <ClInclude Include="BaseGraphicsScene.h">
      <Filter>Header Files</Filter>
    </ClInclude>
    <ClInclude Include="OGLGraphicsScene.h">
      <Filter>Header Files</Filter>
    </ClInclude>
    <ClInclude Include="AbstractReader.h">
      <Filter>Header Files</Filter>
    </ClInclude>
    <ClInclude Include="TextFileReader.h">
      <Filter>Header Files</Filter>
    </ClInclude>
    <ClInclude Include="SceneReader.h">
      <Filter>Header Files</Filter>
    </ClInclude>
    <ClInclude Include="AbstractTimer.h">
      <Filter>Header Files</Filter>
    </ClInclude>
    <ClInclude Include="HighResolutionTimer.h">
      <Filter>Header Files</Filter>
    </ClInclude>
    <ClInclude Include="AbstractAnimation.h">
      <Filter>Header Files</Filter>
    </ClInclude>
    <ClInclude Include="RotateAnimation.h">
      <Filter>Header Files</Filter>
    </ClInclude>
    <ClInclude Include="stb_image.h">
      <Filter>Header Files</Filter>
    </ClInclude>
    <ClInclude Include="AbstractTexture.h">
      <Filter>Header Files</Filter>
    </ClInclude>
    <ClInclude Include="OGLTexture.h">
      <Filter>Header Files</Filter>
    </ClInclude>
    <ClInclude Include="AbstractVertexMesh.hpp">
      <Filter>Header Files</Filter>
    </ClInclude>
    <ClInclude Include="AbstractMesh.h">
      <Filter>Header Files</Filter>
    </ClInclude>
    <ClInclude Include="OGLVertexMesh.hpp">
      <Filter>Header Files</Filter>
    </ClInclude>
    <ClInclude Include="GraphicsObject.h">
      <Filter>Header Files</Filter>
    </ClInclude>
    <ClInclude Include="MeshFactory.hpp">
      <Filter>Header Files</Filter>
    </ClInclude>
    <ClInclude Include="GraphicsEnvironment.h">
      <Filter>Header Files</Filter>
    </ClInclude>
    <ClInclude Include="GraphicsWindow.h">
      <Filter>Header Files</Filter>
    </ClInclude>
    <ClInclude Include="GLFWGraphicsWindow.h">
      <Filter>Header Files</Filter>
    </ClInclude>
    <ClInclude Include="GraphicsSystem.h">
      <Filter>Header Files</Filter>
    </ClInclude>
    <ClInclude Include="OGLGraphicsSystem.h">
      <Filter>Header Files</Filter>
    </ClInclude>
    <ClInclude Include="AbstractCameraAnimation.h">
      <Filter>Header Files</Filter>
    </ClInclude>
    <ClInclude Include="SimpleMovingCameraAnimation.h">
      <Filter>Header Files</Filter>
    </ClInclude>
    <ClInclude Include="AbstractInputSystem.h">
      <Filter>Header Files</Filter>
    </ClInclude>
    <ClInclude Include="GLFWInputSystem.h">
      <Filter>Header Files</Filter>
    </ClInclude>
    <ClInclude Include="PlateAnimation.h">
      <Filter>Header Files</Filter>
    </ClInclude>
    <ClInclude Include="ObjLoader.hpp">
      <Filter>Header Files</Filter>
    </ClInclude>
    <ClInclude Include="SineWaveMovementAnimation.h">
      <Filter>Header Files</Filter>
    </ClInclude>
  </ItemGroup>
  <ItemGroup>
    <None Include="labweek07.ig" />
    <None Include="Simple3DVertexShader.glsl" />
    <None Include="PCT3DVertexShader.glsl" />
    <None Include="TexFragmentShader.glsl" />
    <None Include="PCTAmbientFragmentShader.glsl" />
    <None Include="PCNTLightingVertexShader.glsl" />
    <None Include="PCNTDiffuseFragmentShader.glsl" />
    <None Include="PCNTDiffuse2FragmentShader.glsl" />
    <None Include="PCNTSpecularFragmentShader.glsl" />
    <None Include="PCNTLightingFragmentShader.glsl" />
    <None Include="ClassDiagram.cd" />
    <None Include="spaceShip.waveFormObj">
      <Filter>Resource Files</Filter>
    </None>
    <None Include="ExampleCube.waveFormObj">
      <Filter>Resource Files</Filter>
    </None>
    <None Include="spaceShip2.waveFormObj">
      <Filter>Resource Files</Filter>
    </None>
  </ItemGroup>
  <ItemGroup>
    <Text Include="scene.txt" />
    <Text Include="Scene2.txt" />
    <Text Include="Scene3.txt" />
    <Text Include="Project2Scene.txt" />
  </ItemGroup>
  <ItemGroup>
    <Image Include="brickwall.jpg">
      <Filter>Resource Files</Filter>
    </Image>
    <Image Include="smiley.jpg">
      <Filter>Resource Files</Filter>
    </Image>
    <Image Include="crate.jpg">
      <Filter>Resource Files</Filter>
    </Image>
    <Image Include="grass.jpg">
      <Filter>Resource Files</Filter>
    </Image>
    <Image Include="marble-stone-floor.jpg">
      <Filter>Resource Files</Filter>
    </Image>
    <Image Include="metal.jpg">
      <Filter>Resource Files</Filter>
    </Image>
    <Image Include="pluto_texture.jpg">
      <Filter>Resource Files</Filter>
    </Image>
    <Image Include="sky.jpg">
      <Filter>Resource Files</Filter>
    </Image>
    <Image Include="wood_floor.jpg">
      <Filter>Resource Files</Filter>
    </Image>
    <Image Include="world.jpg">
      <Filter>Resource Files</Filter>
    </Image>
    <Image Include="wallpaperWithBevel.jpg">
      <Filter>Resource Files</Filter>
    </Image>
    <Image Include="stainedKitchenFloor.jpg">
      <Filter>Resource Files</Filter>
    </Image>
    <Image Include="cabinetTexture.jpg">
      <Filter>Resource Files</Filter>
    </Image>
    <Image Include="ceramic.jpg">
      <Filter>Resource Files</Filter>
    </Image>
    <Image Include="soapyWater.jpg">
      <Filter>Resource Files</Filter>
    </Image>
    <Image Include="seamlessSpaceC0.jpg">
      <Filter>Resource Files</Filter>
    </Image>
    <Image Include="pallet.jpg">
      <Filter>Resource Files</Filter>
    </Image>
    <Image Include="pallet2.jpg">
      <Filter>Resource Files</Filter>
    </Image>
  </ItemGroup>
</Project>